<?xml version="1.0" encoding="utf-8"?>
<Project ToolsVersion="4.0" xmlns="http://schemas.microsoft.com/developer/msbuild/2003">
  <ItemGroup>
    <Filter Include="Source Files">
      <UniqueIdentifier>{4FC737F1-C7A5-4376-A066-2A32D752A2FF}</UniqueIdentifier>
      <Extensions>qml;cpp;c;cc;cxx;def;odl;idl;hpj;bat;asm;asmx</Extensions>
    </Filter>
    <Filter Include="Header Files">
      <UniqueIdentifier>{93995380-89BD-4b04-88EB-625FBE52EBFB}</UniqueIdentifier>
      <Extensions>h;hh;hpp;hxx;hm;inl;inc;xsd</Extensions>
    </Filter>
    <Filter Include="Resource Files">
      <UniqueIdentifier>{67DA6AB6-F800-4c08-8B7A-83BB121AAD01}</UniqueIdentifier>
      <Extensions>qrc;rc;ico;cur;bmp;dlg;rc2;rct;bin;rgs;gif;jpg;jpeg;jpe;resx;tiff;tif;png;wav;mfcribbon-ms</Extensions>
    </Filter>
    <Filter Include="Form Files">
      <UniqueIdentifier>{99349809-55BA-4b9d-BF79-8FDBB0286EB3}</UniqueIdentifier>
      <Extensions>ui</Extensions>
    </Filter>
    <Filter Include="Translation Files">
      <UniqueIdentifier>{639EADAA-A684-42e4-A9AD-28FC9BCB8F7C}</UniqueIdentifier>
      <Extensions>ts</Extensions>
    </Filter>
    <Filter Include="Header Files\Base">
      <UniqueIdentifier>{a7d3683a-d5b8-47af-9344-115619602bbe}</UniqueIdentifier>
    </Filter>
    <Filter Include="Source Files\Base">
      <UniqueIdentifier>{74d4702f-690c-4bfb-b265-a2bb2f8cb013}</UniqueIdentifier>
    </Filter>
    <Filter Include="Source Files\Plane">
      <UniqueIdentifier>{2ad1fc8c-12de-4ced-8078-e450ad9c67fe}</UniqueIdentifier>
    </Filter>
    <Filter Include="Header Files\Plane">
      <UniqueIdentifier>{42503713-1a25-4b09-870f-3e33bf9eb89f}</UniqueIdentifier>
    </Filter>
    <Filter Include="Header Files\UI">
      <UniqueIdentifier>{96158b5c-d0e0-4643-8e4a-9c302c5086ed}</UniqueIdentifier>
    </Filter>
    <Filter Include="Source Files\UI">
      <UniqueIdentifier>{833f689a-addf-45d3-b85e-54d688361569}</UniqueIdentifier>
    </Filter>
    <Filter Include="Header Files\Missile">
      <UniqueIdentifier>{970fd193-79ed-4285-80f8-b01e063653a7}</UniqueIdentifier>
    </Filter>
    <Filter Include="Source Files\Missile">
      <UniqueIdentifier>{7c03453e-d143-446b-a97c-b933ab415028}</UniqueIdentifier>
    </Filter>
    <Filter Include="Header Files\Effect">
      <UniqueIdentifier>{b4f3edb3-d1f2-46af-a2d9-6ff8519fd046}</UniqueIdentifier>
    </Filter>
    <Filter Include="Source Files\Effect">
      <UniqueIdentifier>{40070add-d2ca-4209-aff5-2b4a38fedb69}</UniqueIdentifier>
    </Filter>
    <Filter Include="Header Files\Util">
      <UniqueIdentifier>{ea9fc4f3-ca87-474d-b637-d219d52d3539}</UniqueIdentifier>
    </Filter>
    <Filter Include="Header Files\Bonus">
      <UniqueIdentifier>{4cb79c73-2af1-40bc-9346-65fded4abb98}</UniqueIdentifier>
    </Filter>
    <Filter Include="Source Files\Bonus">
      <UniqueIdentifier>{b703603e-a837-4f27-b5b8-c69193dad822}</UniqueIdentifier>
    </Filter>
    <Filter Include="Header Files\EnemyGenerator">
      <UniqueIdentifier>{e60b2f2d-37a1-430d-a4be-796bc252d0db}</UniqueIdentifier>
    </Filter>
    <Filter Include="Source Files\EnemyGenerator">
      <UniqueIdentifier>{7b8ad1ca-03dd-4eac-9198-3f28dfb93936}</UniqueIdentifier>
    </Filter>
  </ItemGroup>
  <ItemGroup>
    <QtRcc Include="PlaneFight.qrc">
      <Filter>Resource Files</Filter>
    </QtRcc>
  </ItemGroup>
  <ItemGroup>
    <ClCompile Include="main.cpp">
      <Filter>Source Files</Filter>
    </ClCompile>
    <ClCompile Include="_Plane.cpp">
      <Filter>Source Files\Base</Filter>
    </ClCompile>
    <ClCompile Include="PlayerPlane.cpp">
      <Filter>Source Files\Plane</Filter>
    </ClCompile>
    <ClCompile Include="BattleField.cpp">
      <Filter>Source Files\UI</Filter>
    </ClCompile>
    <ClCompile Include="SteadyMissile.cpp">
      <Filter>Source Files\Missile</Filter>
    </ClCompile>
    <ClCompile Include="EnemyPlane.cpp">
      <Filter>Source Files\Plane</Filter>
    </ClCompile>
    <ClCompile Include="_Effect.cpp">
      <Filter>Source Files\Base</Filter>
    </ClCompile>
    <ClCompile Include="ExplosionEffect.cpp">
      <Filter>Source Files\Effect</Filter>
    </ClCompile>
    <ClCompile Include="LifeBonus.cpp">
      <Filter>Source Files\Bonus</Filter>
    </ClCompile>
    <ClCompile Include="PointBonus.cpp">
      <Filter>Source Files\Bonus</Filter>
    </ClCompile>
    <ClCompile Include="PowerBonus.cpp">
      <Filter>Source Files\Bonus</Filter>
    </ClCompile>
    <ClCompile Include="Menu.cpp">
      <Filter>Source Files\UI</Filter>
    </ClCompile>
    <ClCompile Include="_Entity.cpp">
      <Filter>Source Files\Base</Filter>
    </ClCompile>
    <ClCompile Include="EnemyGenerator.cpp">
      <Filter>Source Files\EnemyGenerator</Filter>
    </ClCompile>
    <ClCompile Include="Generator.cpp">
      <Filter>Source Files\EnemyGenerator</Filter>
    </ClCompile>
    <ClCompile Include="BossEnemyPlane.cpp">
      <Filter>Source Files\Plane</Filter>
    </ClCompile>
    <ClCompile Include="GameReview.cpp">
      <Filter>Source Files\UI</Filter>
    </ClCompile>
    <ClCompile Include="Ranking.cpp">
      <Filter>Source Files\UI</Filter>
    </ClCompile>
    <ClCompile Include="TrackMissile.cpp">
      <Filter>Source Files\Missile</Filter>
    </ClCompile>
    <ClCompile Include="BackgroundMusic.cpp">
      <Filter>Source Files\Effect</Filter>
    </ClCompile>
    <ClCompile Include="TargetEffect.cpp">
      <Filter>Source Files\Effect</Filter>
    </ClCompile>
    <ClCompile Include="Laser.cpp">
      <Filter>Source Files</Filter>
    </ClCompile>
  </ItemGroup>
  <ItemGroup>
    <ClInclude Include="_Plane.h">
      <Filter>Header Files\Base</Filter>
    </ClInclude>
    <ClInclude Include="SteadyMissile.h">
      <Filter>Header Files\Missile</Filter>
    </ClInclude>
    <ClInclude Include="PlayerPlane.h">
      <Filter>Header Files\Plane</Filter>
    </ClInclude>
    <ClInclude Include="_Effect.h">
      <Filter>Header Files\Base</Filter>
    </ClInclude>
    <ClInclude Include="ExplosionEffect.h">
      <Filter>Header Files\Effect</Filter>
    </ClInclude>
    <ClInclude Include="util.h">
      <Filter>Header Files\Util</Filter>
    </ClInclude>
    <ClInclude Include="config.h">
      <Filter>Header Files\Util</Filter>
    </ClInclude>
    <ClInclude Include="PointBonus.h">
      <Filter>Header Files\Bonus</Filter>
    </ClInclude>
    <ClInclude Include="PowerBonus.h">
      <Filter>Header Files\Bonus</Filter>
    </ClInclude>
    <ClInclude Include="LifeBonus.h">
      <Filter>Header Files\Bonus</Filter>
    </ClInclude>
    <ClInclude Include="_Entity.h">
      <Filter>Header Files\Base</Filter>
    </ClInclude>
    <ClInclude Include="EnemyGenerator.h">
      <Filter>Header Files\EnemyGenerator</Filter>
    </ClInclude>
    <ClInclude Include="Generator.h">
      <Filter>Header Files\EnemyGenerator</Filter>
    </ClInclude>
    <ClInclude Include="EnemyPlane.h">
      <Filter>Header Files\Plane</Filter>
    </ClInclude>
    <ClInclude Include="BossEnemyPlane.h">
      <Filter>Header Files\Plane</Filter>
    </ClInclude>
    <ClInclude Include="TrackMissile.h">
      <Filter>Header Files\Missile</Filter>
    </ClInclude>
    <ClInclude Include="BackgroundMusic.h">
      <Filter>Header Files\Effect</Filter>
    </ClInclude>
    <ClInclude Include="Laser.h">
      <Filter>Header Files</Filter>
    </ClInclude>
    <ClInclude Include="TargetEffect.h">
      <Filter>Header Files\Effect</Filter>
    </ClInclude>
  </ItemGroup>
  <ItemGroup>
    <QtUic Include="BattleField.ui">
      <Filter>Form Files</Filter>
    </QtUic>
    <QtUic Include="GameReview.ui">
      <Filter>Form Files</Filter>
    </QtUic>
    <QtUic Include="Menu.ui">
      <Filter>Form Files</Filter>
    </QtUic>
    <QtUic Include="Ranking.ui">
      <Filter>Form Files</Filter>
    </QtUic>
  </ItemGroup>
  <ItemGroup>
    <QtMoc Include="BattleField.h">
      <Filter>Header Files\UI</Filter>
    </QtMoc>
    <QtMoc Include="Menu.h">
      <Filter>Header Files\UI</Filter>
    </QtMoc>
    <QtMoc Include="Ranking.h">
      <Filter>Header Files\UI</Filter>
    </QtMoc>
    <QtMoc Include="GameReview.h">
      <Filter>Header Files\Util</Filter>
    </QtMoc>
  </ItemGroup>
  <ItemGroup>
    <Text Include="DataRecord.txt" />
  </ItemGroup>
</Project>